// !$*UTF8*$!
<?xml version="1.0" encoding="UTF-8"?>
<!DOCTYPE plist PUBLIC "-//Apple//DTD PLIST 1.0//EN" "http://www.apple.com/DTDs/PropertyList-1.0.dtd">
<plist version="1.0">
<dict>
	<key>archiveVersion</key>
	<integer>1</integer>
	<key>classes</key>
	<dict/>
	<key>objectVersion</key>
	<integer>56</integer>
	<key>objects</key>
	<dict>
		<key>FF2F743802324A838D45C420</key>
		<dict>
			<key>isa</key>
			<string>PBXFileReference</string>
			<key>lastKnownFileType</key>
			<string>sourcecode.swift</string>
			<key>path</key>
			<string>remottyMenuBarApp.swift</string>
			<key>sourceTree</key>
			<string>&lt;group&gt;</string>
		</dict>
		<key>9798048FBCD04C9B81526BA0</key>
		<dict>
			<key>isa</key>
			<string>PBXBuildFile</string>
			<key>fileRef</key>
			<string>FF2F743802324A838D45C420</string>
		</dict>
		<key>ACD45BC13F7543399EE3EADD</key>
		<dict>
			<key>isa</key>
			<string>PBXFileReference</string>
			<key>lastKnownFileType</key>
			<string>sourcecode.swift</string>
			<key>path</key>
			<string>MenuBarView.swift</string>
			<key>sourceTree</key>
			<string>&lt;group&gt;</string>
		</dict>
		<key>F4584328640843CD8EAB1E58</key>
		<dict>
			<key>isa</key>
			<string>PBXBuildFile</string>
			<key>fileRef</key>
			<string>ACD45BC13F7543399EE3EADD</string>
		</dict>
		<key>78BB5CFDD60746A6B37A7134</key>
		<dict>
			<key>isa</key>
			<string>PBXFileReference</string>
			<key>lastKnownFileType</key>
			<string>sourcecode.swift</string>
			<key>path</key>
			<string>SettingsView.swift</string>
			<key>sourceTree</key>
			<string>&lt;group&gt;</string>
		</dict>
		<key>F2791796F8D549B7954EFE12</key>
		<dict>
			<key>isa</key>
			<string>PBXBuildFile</string>
			<key>fileRef</key>
			<string>78BB5CFDD60746A6B37A7134</string>
		</dict>
		<key>EF6082C38122400BBF10B617</key>
		<dict>
			<key>isa</key>
			<string>PBXFileReference</string>
			<key>lastKnownFileType</key>
			<string>text.plist.xml</string>
			<key>path</key>
			<string>Info.plist</string>
			<key>sourceTree</key>
			<string>&lt;group&gt;</string>
		</dict>
		<key>9A01C84C491E487083237156</key>
		<dict>
			<key>isa</key>
			<string>PBXBuildFile</string>
			<key>fileRef</key>
			<string>EF6082C38122400BBF10B617</string>
		</dict>
		<key>67030D507E0245DE8FDBDAD7</key>
		<dict>
			<key>isa</key>
			<string>PBXGroup</string>
			<key>children</key>
			<array>
				<string>FF2F743802324A838D45C420</string>
				<string>ACD45BC13F7543399EE3EADD</string>
				<string>78BB5CFDD60746A6B37A7134</string>
				<string>EF6082C38122400BBF10B617</string>
			</array>
			<key>name</key>
			<string>remotty</string>
			<key>sourceTree</key>
			<string>&lt;group&gt;</string>
		</dict>
		<key>2F6958CBC3474EC5B4DDC6D9</key>
		<dict>
			<key>isa</key>
			<string>PBXGroup</string>
			<key>children</key>
			<array>
				<string>5B20835B70774370B7C994B7</string>
			</array>
			<key>name</key>
			<string>Products</string>
			<key>sourceTree</key>
			<string>&lt;group&gt;</string>
		</dict>
		<key>375D37A17E994FF9BB7CCD12</key>
		<dict>
			<key>isa</key>
			<string>PBXGroup</string>
			<key>children</key>
			<array>
				<string>67030D507E0245DE8FDBDAD7</string>
				<string>2F6958CBC3474EC5B4DDC6D9</string>
			</array>
			<key>sourceTree</key>
			<string>&lt;group&gt;</string>
		</dict>
		<key>5B20835B70774370B7C994B7</key>
		<dict>
			<key>isa</key>
			<string>PBXFileReference</string>
			<key>explicitFileType</key>
			<string>wrapper.application</string>
			<key>includeInIndex</key>
			<integer>0</integer>
			<key>path</key>
			<string>remotty.app</string>
			<key>sourceTree</key>
			<string>BUILT_PRODUCTS_DIR</string>
		</dict>
		<key>40547A75429A41C095901783</key>
		<dict>
			<key>isa</key>
			<string>PBXSourcesBuildPhase</string>
			<key>buildActionMask</key>
			<integer>2147483647</integer>
			<key>files</key>
			<array>
				<string>9798048FBCD04C9B81526BA0</string>
				<string>F4584328640843CD8EAB1E58</string>
				<string>F2791796F8D549B7954EFE12</string>
			</array>
			<key>runOnlyForDeploymentPostprocessing</key>
			<integer>0</integer>
		</dict>
		<key>4BFACCFB596246039F212C1F</key>
		<dict>
			<key>isa</key>
			<string>PBXFrameworksBuildPhase</string>
			<key>buildActionMask</key>
			<integer>2147483647</integer>
			<key>files</key>
			<array/>
			<key>runOnlyForDeploymentPostprocessing</key>
			<integer>0</integer>
		</dict>
		<key>FDD7E0CF29084CE7882367A0</key>
		<dict>
			<key>isa</key>
			<string>PBXResourcesBuildPhase</string>
			<key>buildActionMask</key>
			<integer>2147483647</integer>
			<key>files</key>
			<array>
				<string>9A01C84C491E487083237156</string>
			</array>
			<key>runOnlyForDeploymentPostprocessing</key>
			<integer>0</integer>
		</dict>
		<key>6D6746DA66AE48A4953BEEB4</key>
		<dict>
			<key>isa</key>
			<string>XCBuildConfiguration</string>
			<key>buildSettings</key>
			<dict>
				<key>ASSETCATALOG_COMPILER_APPICON_NAME</key>
				<string></string>
				<key>CODE_SIGN_STYLE</key>
				<string>Manual</string>
				<key>CODE_SIGN_IDENTITY</key>
				<string>-</string>
				<key>COMBINE_HIDPI_IMAGES</key>
				<string>YES</string>
				<key>CURRENT_PROJECT_VERSION</key>
				<integer>1</integer>
				<key>GENERATE_INFOPLIST_FILE</key>
				<string>YES</string>
				<key>INFOPLIST_FILE</key>
				<string>Info.plist</string>
				<key>INFOPLIST_KEY_LSUIElement</key>
				<string>YES</string>
				<key>INFOPLIST_KEY_NSHighResolutionCapable</key>
				<string>YES</string>
				<key>LD_RUNPATH_SEARCH_PATHS</key>
				<array>
					<string>$(inherited)</string>
					<string>@executable_path/../Frameworks</string>
				</array>
				<key>MACOSX_DEPLOYMENT_TARGET</key>
				<string>14.0</string>
				<key>MARKETING_VERSION</key>
				<string>0.5.0</string>
				<key>PRODUCT_BUNDLE_IDENTIFIER</key>
				<string>com.remotty.macos</string>
				<key>PRODUCT_NAME</key>
				<string>$(TARGET_NAME)</string>
				<key>SDKROOT</key>
				<string>macosx</string>
				<key>SWIFT_VERSION</key>
				<string>5.0</string>
				<key>SWIFT_OPTIMIZATION_LEVEL</key>
				<string>-Onone</string>
			</dict>
			<key>name</key>
			<string>Debug</string>
		</dict>
		<key>BFAD848FFA774BE488368793</key>
		<dict>
			<key>isa</key>
			<string>XCBuildConfiguration</string>
			<key>buildSettings</key>
			<dict>
				<key>ASSETCATALOG_COMPILER_APPICON_NAME</key>
				<string></string>
				<key>CODE_SIGN_STYLE</key>
				<string>Manual</string>
				<key>CODE_SIGN_IDENTITY</key>
				<string>-</string>
				<key>COMBINE_HIDPI_IMAGES</key>
				<string>YES</string>
				<key>CURRENT_PROJECT_VERSION</key>
				<integer>1</integer>
				<key>GENERATE_INFOPLIST_FILE</key>
				<string>YES</string>
				<key>INFOPLIST_FILE</key>
				<string>Info.plist</string>
				<key>INFOPLIST_KEY_LSUIElement</key>
				<string>YES</string>
				<key>INFOPLIST_KEY_NSHighResolutionCapable</key>
				<string>YES</string>
				<key>LD_RUNPATH_SEARCH_PATHS</key>
				<array>
					<string>$(inherited)</string>
					<string>@executable_path/../Frameworks</string>
				</array>
				<key>MACOSX_DEPLOYMENT_TARGET</key>
				<string>14.0</string>
				<key>MARKETING_VERSION</key>
				<string>0.5.0</string>
				<key>PRODUCT_BUNDLE_IDENTIFIER</key>
				<string>com.remotty.macos</string>
				<key>PRODUCT_NAME</key>
				<string>$(TARGET_NAME)</string>
				<key>SDKROOT</key>
				<string>macosx</string>
				<key>SWIFT_VERSION</key>
				<string>5.0</string>
				<key>SWIFT_OPTIMIZATION_LEVEL</key>
				<string>-O</string>
			</dict>
			<key>name</key>
			<string>Release</string>
		</dict>
		<key>2A6C36E590D9462BADEF3BED</key>
		<dict>
			<key>isa</key>
			<string>XCConfigurationList</string>
			<key>buildConfigurations</key>
			<array>
				<string>6D6746DA66AE48A4953BEEB4</string>
				<string>BFAD848FFA774BE488368793</string>
			</array>
			<key>defaultConfigurationIsVisible</key>
			<integer>0</integer>
			<key>defaultConfigurationName</key>
			<string>Release</string>
		</dict>
		<key>DC1000B41D494DE893B82872</key>
		<dict>
			<key>isa</key>
			<string>PBXNativeTarget</string>
			<key>buildConfigurationList</key>
			<string>2A6C36E590D9462BADEF3BED</string>
			<key>buildPhases</key>
			<array>
				<string>40547A75429A41C095901783</string>
				<string>4BFACCFB596246039F212C1F</string>
				<string>FDD7E0CF29084CE7882367A0</string>
			</array>
			<key>buildRules</key>
			<array/>
			<key>dependencies</key>
			<array/>
			<key>name</key>
			<string>remotty</string>
			<key>productName</key>
			<string>remotty</string>
			<key>productReference</key>
			<string>5B20835B70774370B7C994B7</string>
			<key>productType</key>
			<string>com.apple.product-type.application</string>
		</dict>
		<key>552A83724FFC4792AB7170AF</key>
		<dict>
			<key>isa</key>
			<string>PBXProject</string>
			<key>attributes</key>
			<dict>
				<key>BuildIndependentTargetsInParallel</key>
				<integer>1</integer>
				<key>LastSwiftUpdateCheck</key>
				<integer>1530</integer>
				<key>LastUpgradeCheck</key>
				<integer>1530</integer>
			</dict>
			<key>buildConfigurationList</key>
			<string>E4915E2674674031B5FF05D9</string>
			<key>compatibilityVersion</key>
			<string>Xcode 14.0</string>
			<key>developmentRegion</key>
			<string>en</string>
			<key>hasScannedForEncodings</key>
			<integer>0</integer>
			<key>knownRegions</key>
			<array>
				<string>en</string>
				<string>Base</string>
			</array>
			<key>mainGroup</key>
			<string>375D37A17E994FF9BB7CCD12</string>
			<key>productRefGroup</key>
			<string>2F6958CBC3474EC5B4DDC6D9</string>
			<key>projectDirPath</key>
			<string></string>
			<key>projectRoot</key>
			<string></string>
			<key>targets</key>
			<array>
				<string>DC1000B41D494DE893B82872</string>
			</array>
		</dict>
		<key>7A8FB1E80CE0412C80E9C348</key>
		<dict>
			<key>isa</key>
			<string>XCBuildConfiguration</string>
			<key>buildSettings</key>
			<dict>
				<key>ALWAYS_SEARCH_USER_PATHS</key>
				<string>NO</string>
				<key>CLANG_ANALYZER_NONNULL</key>
				<string>YES</string>
				<key>CLANG_CXX_LANGUAGE_STANDARD</key>
				<string>gnu++20</string>
				<key>CLANG_ENABLE_MODULES</key>
				<string>YES</string>
				<key>CLANG_ENABLE_OBJC_ARC</key>
				<string>YES</string>
				<key>COPY_PHASE_STRIP</key>
				<string>NO</string>
				<key>DEBUG_INFORMATION_FORMAT</key>
				<string>dwarf</string>
				<key>ENABLE_STRICT_OBJC_MSGSEND</key>
				<string>YES</string>
				<key>GCC_DYNAMIC_NO_PIC</key>
				<string>NO</string>
				<key>GCC_OPTIMIZATION_LEVEL</key>
				<string>0</string>
				<key>GCC_PREPROCESSOR_DEFINITIONS</key>
				<array>
					<string>DEBUG=1</string>
					<string>$(inherited)</string>
				</array>
				<key>MACOSX_DEPLOYMENT_TARGET</key>
				<string>14.0</string>
				<key>MTL_ENABLE_DEBUG_INFO</key>
				<string>INCLUDE_SOURCE</string>
				<key>ONLY_ACTIVE_ARCH</key>
				<string>YES</string>
				<key>SDKROOT</key>
				<string>macosx</string>
				<key>SWIFT_ACTIVE_COMPILATION_CONDITIONS</key>
				<string>DEBUG</string>
				<key>SWIFT_OPTIMIZATION_LEVEL</key>
				<string>-Onone</string>
			</dict>
			<key>name</key>
			<string>Debug</string>
		</dict>
		<key>29467824DCDF40DD8757451F</key>
		<dict>
			<key>isa</key>
			<string>XCBuildConfiguration</string>
			<key>buildSettings</key>
			<dict>
				<key>ALWAYS_SEARCH_USER_PATHS</key>
				<string>NO</string>
				<key>CLANG_ANALYZER_NONNULL</key>
				<string>YES</string>
				<key>CLANG_CXX_LANGUAGE_STANDARD</key>
				<string>gnu++20</string>
				<key>CLANG_ENABLE_MODULES</key>
				<string>YES</string>
				<key>CLANG_ENABLE_OBJC_ARC</key>
				<string>YES</string>
				<key>COPY_PHASE_STRIP</key>
				<string>NO</string>
				<key>DEBUG_INFORMATION_FORMAT</key>
				<string>dwarf-with-dsym</string>
				<key>ENABLE_NS_ASSERTIONS</key>
				<string>NO</string>
				<key>ENABLE_STRICT_OBJC_MSGSEND</key>
				<string>YES</string>
				<key>GCC_OPTIMIZATION_LEVEL</key>
				<string>s</string>
				<key>MACOSX_DEPLOYMENT_TARGET</key>
				<string>14.0</string>
				<key>MTL_ENABLE_DEBUG_INFO</key>
				<string>NO</string>
				<key>SDKROOT</key>
				<string>macosx</string>
				<key>SWIFT_COMPILATION_MODE</key>
				<string>wholemodule</string>
				<key>SWIFT_OPTIMIZATION_LEVEL</key>
				<string>-O</string>
			</dict>
			<key>name</key>
			<string>Release</string>
		</dict>
		<key>E4915E2674674031B5FF05D9</key>
		<dict>
			<key>isa</key>
			<string>XCConfigurationList</string>
			<key>buildConfigurations</key>
			<array>
				<string>7A8FB1E80CE0412C80E9C348</string>
				<string>29467824DCDF40DD8757451F</string>
			</array>
			<key>defaultConfigurationIsVisible</key>
			<integer>0</integer>
			<key>defaultConfigurationName</key>
			<string>Release</string>
		</dict>
	</dict>
</dict>
</plist>
